
Microsoft Visual Studio Solution File, Format Version 12.00
# Visual Studio Version 16
VisualStudioVersion = 16.0.30503.244
MinimumVisualStudioVersion = 10.0.40219.1
Project("{FAE04EC0-301F-11D3-BF4B-00C04F79EFBC}") = "TextEditorWpf", "TextEditorWpf\TextEditorWpf.csproj", "{FF013702-DCED-4F51-BA89-2123ADE5F5EF}"
EndProject
Global
	GlobalSection(SolutionConfigurationPlatforms) = preSolution
		Debug|Any CPU = Debug|Any CPU
		Release|Any CPU = Release|Any CPU
	EndGlobalSection
	GlobalSection(ProjectConfigurationPlatforms) = postSolution
		{FF013702-DCED-4F51-BA89-2123ADE5F5EF}.Debug|Any CPU.ActiveCfg = Debug|Any CPU
		{FF013702-DCED-4F51-BA89-2123ADE5F5EF}.Debug|Any CPU.Build.0 = Debug|Any CPU
		{FF013702-DCED-4F51-BA89-2123ADE5F5EF}.Release|Any CPU.ActiveCfg = Release|Any CPU
		{FF013702-DCED-4F51-BA89-2123ADE5F5EF}.Release|Any CPU.Build.0 = Release|Any CPU
	EndGlobalSection
	GlobalSection(SolutionProperties) = preSolution
		HideSolutionNode = FALSE
	EndGlobalSection
	GlobalSection(ExtensibilityGlobals) = postSolution
		SolutionGuid = {7BEA9B92-2DE3-4D55-A308-50314CE0A105}
	EndGlobalSection
EndGlobal
